
Microsoft Visual Studio Solution File, Format Version 12.00
# Visual Studio Version 17
VisualStudioVersion = 17.9.34714.143
MinimumVisualStudioVersion = 10.0.40219.1
Project("{FAE04EC0-301F-11D3-BF4B-00C04F79EFBC}") = "TI_Devops_2024_DemoADO", "TI_Devops_2024_DemoADO\TI_Devops_2024_DemoADO.csproj", "{7CB7A243-943C-4321-B74D-BBFA07EE2424}"
EndProject
Project("{00D1A9C2-B5F0-4AF3-8072-F6C62B433612}") = "TI_Devops_2024_DemoADO.DB", "TI_Devops_2024_DemoADO.DB\TI_Devops_2024_DemoADO.DB.sqlproj", "{59DCD2FD-FD9D-4B21-A4A2-5544C9A488CE}"
EndProject
Global
	GlobalSection(SolutionConfigurationPlatforms) = preSolution
		Debug|Any CPU = Debug|Any CPU
		Release|Any CPU = Release|Any CPU
	EndGlobalSection
	GlobalSection(ProjectConfigurationPlatforms) = postSolution
		{7CB7A243-943C-4321-B74D-BBFA07EE2424}.Debug|Any CPU.ActiveCfg = Debug|Any CPU
		{7CB7A243-943C-4321-B74D-BBFA07EE2424}.Debug|Any CPU.Build.0 = Debug|Any CPU
		{7CB7A243-943C-4321-B74D-BBFA07EE2424}.Release|Any CPU.ActiveCfg = Release|Any CPU
		{7CB7A243-943C-4321-B74D-BBFA07EE2424}.Release|Any CPU.Build.0 = Release|Any CPU
		{59DCD2FD-FD9D-4B21-A4A2-5544C9A488CE}.Debug|Any CPU.ActiveCfg = Debug|Any CPU
		{59DCD2FD-FD9D-4B21-A4A2-5544C9A488CE}.Debug|Any CPU.Build.0 = Debug|Any CPU
		{59DCD2FD-FD9D-4B21-A4A2-5544C9A488CE}.Debug|Any CPU.Deploy.0 = Debug|Any CPU
		{59DCD2FD-FD9D-4B21-A4A2-5544C9A488CE}.Release|Any CPU.ActiveCfg = Release|Any CPU
		{59DCD2FD-FD9D-4B21-A4A2-5544C9A488CE}.Release|Any CPU.Build.0 = Release|Any CPU
		{59DCD2FD-FD9D-4B21-A4A2-5544C9A488CE}.Release|Any CPU.Deploy.0 = Release|Any CPU
	EndGlobalSection
	GlobalSection(SolutionProperties) = preSolution
		HideSolutionNode = FALSE
	EndGlobalSection
	GlobalSection(ExtensibilityGlobals) = postSolution
		SolutionGuid = {B455E7D1-DC9E-45E8-B39F-07073A8DB243}
	EndGlobalSection
EndGlobal
